
Microsoft Visual Studio Solution File, Format Version 12.00
# Visual Studio Version 17
VisualStudioVersion = 17.5.33530.505
MinimumVisualStudioVersion = 10.0.40219.1
Project("{FAE04EC0-301F-11D3-BF4B-00C04F79EFBC}") = "cerver", "cerver.csproj", "{7C23C407-2EF2-44F5-8747-9C5E20EF598B}"
EndProject
Global
	GlobalSection(SolutionConfigurationPlatforms) = preSolution
		Debug|Any CPU = Debug|Any CPU
		Release|Any CPU = Release|Any CPU
	EndGlobalSection
	GlobalSection(ProjectConfigurationPlatforms) = postSolution
		{7C23C407-2EF2-44F5-8747-9C5E20EF598B}.Debug|Any CPU.ActiveCfg = Debug|Any CPU
		{7C23C407-2EF2-44F5-8747-9C5E20EF598B}.Debug|Any CPU.Build.0 = Debug|Any CPU
		{7C23C407-2EF2-44F5-8747-9C5E20EF598B}.Release|Any CPU.ActiveCfg = Release|Any CPU
		{7C23C407-2EF2-44F5-8747-9C5E20EF598B}.Release|Any CPU.Build.0 = Release|Any CPU
	EndGlobalSection
	GlobalSection(SolutionProperties) = preSolution
		HideSolutionNode = FALSE
	EndGlobalSection
	GlobalSection(ExtensibilityGlobals) = postSolution
		SolutionGuid = {41334B2B-F795-42F0-A41F-04AFEBDF1B95}
	EndGlobalSection
EndGlobal
